
Microsoft Visual Studio Solution File, Format Version 12.00
# Visual Studio 15
VisualStudioVersion = 15.0.28307.271
MinimumVisualStudioVersion = 10.0.40219.1
Project("{FAE04EC0-301F-11D3-BF4B-00C04F79EFBC}") = "MyWebSite.DAL", "MyWebSite.DAL\MyWebSite.DAL.csproj", "{80CE6BED-9EDC-42AE-A9A2-6DDAFA3BC112}"
EndProject
Project("{FAE04EC0-301F-11D3-BF4B-00C04F79EFBC}") = "MyWebSite.BLL", "MyWebSite.BLL\MyWebSite.BLL.csproj", "{8D62F11C-0F66-437D-B042-4EAD4870E942}"
EndProject
Project("{FAE04EC0-301F-11D3-BF4B-00C04F79EFBC}") = "MyWebSite", "MyWebSite\MyWebSite.csproj", "{DEC38C7A-1889-4355-8EB6-0FD8FEFD69B7}"
EndProject
Global
	GlobalSection(SolutionConfigurationPlatforms) = preSolution
		Debug|Any CPU = Debug|Any CPU
		Release|Any CPU = Release|Any CPU
	EndGlobalSection
	GlobalSection(ProjectConfigurationPlatforms) = postSolution
		{80CE6BED-9EDC-42AE-A9A2-6DDAFA3BC112}.Debug|Any CPU.ActiveCfg = Debug|Any CPU
		{80CE6BED-9EDC-42AE-A9A2-6DDAFA3BC112}.Debug|Any CPU.Build.0 = Debug|Any CPU
		{80CE6BED-9EDC-42AE-A9A2-6DDAFA3BC112}.Release|Any CPU.ActiveCfg = Release|Any CPU
		{80CE6BED-9EDC-42AE-A9A2-6DDAFA3BC112}.Release|Any CPU.Build.0 = Release|Any CPU
		{8D62F11C-0F66-437D-B042-4EAD4870E942}.Debug|Any CPU.ActiveCfg = Debug|Any CPU
		{8D62F11C-0F66-437D-B042-4EAD4870E942}.Debug|Any CPU.Build.0 = Debug|Any CPU
		{8D62F11C-0F66-437D-B042-4EAD4870E942}.Release|Any CPU.ActiveCfg = Release|Any CPU
		{8D62F11C-0F66-437D-B042-4EAD4870E942}.Release|Any CPU.Build.0 = Release|Any CPU
		{DEC38C7A-1889-4355-8EB6-0FD8FEFD69B7}.Debug|Any CPU.ActiveCfg = Debug|Any CPU
		{DEC38C7A-1889-4355-8EB6-0FD8FEFD69B7}.Debug|Any CPU.Build.0 = Debug|Any CPU
		{DEC38C7A-1889-4355-8EB6-0FD8FEFD69B7}.Release|Any CPU.ActiveCfg = Release|Any CPU
		{DEC38C7A-1889-4355-8EB6-0FD8FEFD69B7}.Release|Any CPU.Build.0 = Release|Any CPU
	EndGlobalSection
	GlobalSection(SolutionProperties) = preSolution
		HideSolutionNode = FALSE
	EndGlobalSection
	GlobalSection(ExtensibilityGlobals) = postSolution
		SolutionGuid = {58E6D142-D960-43BA-8743-BA6497FFE0B1}
	EndGlobalSection
EndGlobal
